
Microsoft Visual Studio Solution File, Format Version 12.00
# Visual Studio Version 17
VisualStudioVersion = 17.13.35919.96
MinimumVisualStudioVersion = 10.0.40219.1
Project("{FAE04EC0-301F-11D3-BF4B-00C04F79EFBC}") = "PrashanthQuickComAPI", "PrashanthQuickComAPI.csproj", "{4F51C818-AD3C-4C7A-920C-9DB8BEB35598}"
EndProject
Project("{FAE04EC0-301F-11D3-BF4B-00C04F79EFBC}") = "QuickCom.BusinessLayer", "..\QuickCom.BusinessLayer\QuickCom.BusinessLayer.csproj", "{A98622D9-A82E-48DD-B71B-15872394AE25}"
EndProject
Global
	GlobalSection(SolutionConfigurationPlatforms) = preSolution
		Debug|Any CPU = Debug|Any CPU
		Release|Any CPU = Release|Any CPU
	EndGlobalSection
	GlobalSection(ProjectConfigurationPlatforms) = postSolution
		{4F51C818-AD3C-4C7A-920C-9DB8BEB35598}.Debug|Any CPU.ActiveCfg = Debug|Any CPU
		{4F51C818-AD3C-4C7A-920C-9DB8BEB35598}.Debug|Any CPU.Build.0 = Debug|Any CPU
		{4F51C818-AD3C-4C7A-920C-9DB8BEB35598}.Release|Any CPU.ActiveCfg = Release|Any CPU
		{4F51C818-AD3C-4C7A-920C-9DB8BEB35598}.Release|Any CPU.Build.0 = Release|Any CPU
		{A98622D9-A82E-48DD-B71B-15872394AE25}.Debug|Any CPU.ActiveCfg = Debug|Any CPU
		{A98622D9-A82E-48DD-B71B-15872394AE25}.Debug|Any CPU.Build.0 = Debug|Any CPU
		{A98622D9-A82E-48DD-B71B-15872394AE25}.Release|Any CPU.ActiveCfg = Release|Any CPU
		{A98622D9-A82E-48DD-B71B-15872394AE25}.Release|Any CPU.Build.0 = Release|Any CPU
	EndGlobalSection
	GlobalSection(SolutionProperties) = preSolution
		HideSolutionNode = FALSE
	EndGlobalSection
	GlobalSection(ExtensibilityGlobals) = postSolution
		SolutionGuid = {CF99B68B-5CBC-49F7-9B1F-6150E79A17B9}
	EndGlobalSection
EndGlobal
